
Microsoft Visual Studio Solution File, Format Version 12.00
# Visual Studio 15
VisualStudioVersion = 15.0.28307.421
MinimumVisualStudioVersion = 10.0.40219.1
Project("{FAE04EC0-301F-11D3-BF4B-00C04F79EFBC}") = "Dijkstra_Demo", "Dijkstra_Demo\Dijkstra_Demo.csproj", "{1148C6B0-51A6-4D41-9A79-5508DD72BB24}"
EndProject
Global
	GlobalSection(SolutionConfigurationPlatforms) = preSolution
		Debug|Any CPU = Debug|Any CPU
		Release|Any CPU = Release|Any CPU
	EndGlobalSection
	GlobalSection(ProjectConfigurationPlatforms) = postSolution
		{1148C6B0-51A6-4D41-9A79-5508DD72BB24}.Debug|Any CPU.ActiveCfg = Debug|Any CPU
		{1148C6B0-51A6-4D41-9A79-5508DD72BB24}.Debug|Any CPU.Build.0 = Debug|Any CPU
		{1148C6B0-51A6-4D41-9A79-5508DD72BB24}.Release|Any CPU.ActiveCfg = Release|Any CPU
		{1148C6B0-51A6-4D41-9A79-5508DD72BB24}.Release|Any CPU.Build.0 = Release|Any CPU
	EndGlobalSection
	GlobalSection(SolutionProperties) = preSolution
		HideSolutionNode = FALSE
	EndGlobalSection
	GlobalSection(ExtensibilityGlobals) = postSolution
		SolutionGuid = {0E5046F0-4339-49EB-A335-9E28D0BF4264}
	EndGlobalSection
EndGlobal
